// !$*UTF8*$!
{
	archiveVersion = 1;
	classes = {
	};
	objectVersion = 48;
	objects = {

/* Begin PBXBuildFile section */
		8E40DA1C1F4A0AC500BC91CE /* AppDelegate.swift in Sources */ = {isa = PBXBuildFile; fileRef = 8E40DA1B1F4A0AC500BC91CE /* AppDelegate.swift */; };
		8E40DA1E1F4A0AC500BC91CE /* ViewController.swift in Sources */ = {isa = PBXBuildFile; fileRef = 8E40DA1D1F4A0AC500BC91CE /* ViewController.swift */; };
		8E40DA211F4A0AC500BC91CE /* Main.storyboard in Resources */ = {isa = PBXBuildFile; fileRef = 8E40DA1F1F4A0AC500BC91CE /* Main.storyboard */; };
		8E40DA231F4A0AC500BC91CE /* Assets.xcassets in Resources */ = {isa = PBXBuildFile; fileRef = 8E40DA221F4A0AC500BC91CE /* Assets.xcassets */; };
		8E40DA261F4A0AC500BC91CE /* LaunchScreen.storyboard in Resources */ = {isa = PBXBuildFile; fileRef = 8E40DA241F4A0AC500BC91CE /* LaunchScreen.storyboard */; };
		8E40DA2E1F4A10CA00BC91CE /* Annotation.swift in Sources */ = {isa = PBXBuildFile; fileRef = 8E40DA2D1F4A10CA00BC91CE /* Annotation.swift */; };
		8E40DA301F4A17A600BC91CE /* AnnotationView.swift in Sources */ = {isa = PBXBuildFile; fileRef = 8E40DA2F1F4A17A600BC91CE /* AnnotationView.swift */; };
/* End PBXBuildFile section */

/* Begin PBXFileReference section */
		8E40DA181F4A0AC500BC91CE /* Mapkit-Methods.app */ = {isa = PBXFileReference; explicitFileType = wrapper.application; includeInIndex = 0; path = "Mapkit-Methods.app"; sourceTree = BUILT_PRODUCTS_DIR; };
		8E40DA1B1F4A0AC500BC91CE /* AppDelegate.swift */ = {isa = PBXFileReference; lastKnownFileType = sourcecode.swift; path = AppDelegate.swift; sourceTree = "<group>"; };
		8E40DA1D1F4A0AC500BC91CE /* ViewController.swift */ = {isa = PBXFileReference; lastKnownFileType = sourcecode.swift; path = ViewController.swift; sourceTree = "<group>"; };
		8E40DA201F4A0AC500BC91CE /* Base */ = {isa = PBXFileReference; lastKnownFileType = file.storyboard; name = Base; path = Base.lproj/Main.storyboard; sourceTree = "<group>"; };
		8E40DA221F4A0AC500BC91CE /* Assets.xcassets */ = {isa = PBXFileReference; lastKnownFileType = folder.assetcatalog; path = Assets.xcassets; sourceTree = "<group>"; };
		8E40DA251F4A0AC500BC91CE /* Base */ = {isa = PBXFileReference; lastKnownFileType = file.storyboard; name = Base; path = Base.lproj/LaunchScreen.storyboard; sourceTree = "<group>"; };
		8E40DA271F4A0AC500BC91CE /* Info.plist */ = {isa = PBXFileReference; lastKnownFileType = text.plist.xml; path = Info.plist; sourceTree = "<group>"; };
		8E40DA2D1F4A10CA00BC91CE /* Annotation.swift */ = {isa = PBXFileReference; lastKnownFileType = sourcecode.swift; path = Annotation.swift; sourceTree = "<group>"; };
		8E40DA2F1F4A17A600BC91CE /* AnnotationView.swift */ = {isa = PBXFileReference; lastKnownFileType = sourcecode.swift; path = AnnotationView.swift; sourceTree = "<group>"; };
/* End PBXFileReference section */

/* Begin PBXFrameworksBuildPhase section */
		8E40DA151F4A0AC500BC91CE /* Frameworks */ = {
			isa = PBXFrameworksBuildPhase;
			buildActionMask = 2147483647;
			files = (
			);
			runOnlyForDeploymentPostprocessing = 0;
		};
/* End PBXFrameworksBuildPhase section */

/* Begin PBXGroup section */
		8E40DA0F1F4A0AC500BC91CE = {
			isa = PBXGroup;
			children = (
				8E40DA1A1F4A0AC500BC91CE /* Mapkit-Methods */,
				8E40DA191F4A0AC500BC91CE /* Products */,
			);
			sourceTree = "<group>";
		};
		8E40DA191F4A0AC500BC91CE /* Products */ = {
			isa = PBXGroup;
			children = (
				8E40DA181F4A0AC500BC91CE /* Mapkit-Methods.app */,
			);
			name = Products;
			sourceTree = "<group>";
		};
		8E40DA1A1F4A0AC500BC91CE /* Mapkit-Methods */ = {
			isa = PBXGroup;
			children = (
				8E40DA1B1F4A0AC500BC91CE /* AppDelegate.swift */,
				8E40DA1D1F4A0AC500BC91CE /* ViewController.swift */,
				8E40DA1F1F4A0AC500BC91CE /* Main.storyboard */,
				8E40DA221F4A0AC500BC91CE /* Assets.xcassets */,
				8E40DA241F4A0AC500BC91CE /* LaunchScreen.storyboard */,
				8E40DA271F4A0AC500BC91CE /* Info.plist */,
				8E40DA2D1F4A10CA00BC91CE /* Annotation.swift */,
				8E40DA2F1F4A17A600BC91CE /* AnnotationView.swift */,
			);
			path = "Mapkit-Methods";
			sourceTree = "<group>";
		};
/* End PBXGroup section */

/* Begin PBXNativeTarget section */
		8E40DA171F4A0AC500BC91CE /* Mapkit-Methods */ = {
			isa = PBXNativeTarget;
			buildConfigurationList = 8E40DA2A1F4A0AC500BC91CE /* Build configuration list for PBXNativeTarget "Mapkit-Methods" */;
			buildPhases = (
				8E40DA141F4A0AC500BC91CE /* Sources */,
				8E40DA151F4A0AC500BC91CE /* Frameworks */,
				8E40DA161F4A0AC500BC91CE /* Resources */,
			);
			buildRules = (
			);
			dependencies = (
			);
			name = "Mapkit-Methods";
			productName = "Mapkit-Methods";
			productReference = 8E40DA181F4A0AC500BC91CE /* Mapkit-Methods.app */;
			productType = "com.apple.product-type.application";
		};
/* End PBXNativeTarget section */

/* Begin PBXProject section */
		8E40DA101F4A0AC500BC91CE /* Project object */ = {
			isa = PBXProject;
			attributes = {
				LastSwiftUpdateCheck = 0900;
				LastUpgradeCheck = 0900;
				ORGANIZATIONNAME = "Artisan Branding";
				TargetAttributes = {
					8E40DA171F4A0AC500BC91CE = {
						CreatedOnToolsVersion = 9.0;
					};
				};
			};
			buildConfigurationList = 8E40DA131F4A0AC500BC91CE /* Build configuration list for PBXProject "Mapkit-Methods" */;
			compatibilityVersion = "Xcode 8.0";
			developmentRegion = en;
			hasScannedForEncodings = 0;
			knownRegions = (
				en,
				Base,
			);
			mainGroup = 8E40DA0F1F4A0AC500BC91CE;
			productRefGroup = 8E40DA191F4A0AC500BC91CE /* Products */;
			projectDirPath = "";
			projectRoot = "";
			targets = (
				8E40DA171F4A0AC500BC91CE /* Mapkit-Methods */,
			);
		};
/* End PBXProject section */

/* Begin PBXResourcesBuildPhase section */
		8E40DA161F4A0AC500BC91CE /* Resources */ = {
			isa = PBXResourcesBuildPhase;
			buildActionMask = 2147483647;
			files = (
				8E40DA261F4A0AC500BC91CE /* LaunchScreen.storyboard in Resources */,
				8E40DA231F4A0AC500BC91CE /* Assets.xcassets in Resources */,
				8E40DA211F4A0AC500BC91CE /* Main.storyboard in Resources */,
			);
			runOnlyForDeploymentPostprocessing = 0;
		};
/* End PBXResourcesBuildPhase section */

/* Begin PBXSourcesBuildPhase section */
		8E40DA141F4A0AC500BC91CE /* Sources */ = {
			isa = PBXSourcesBuildPhase;
			buildActionMask = 2147483647;
			files = (
				8E40DA1E1F4A0AC500BC91CE /* ViewController.swift in Sources */,
				8E40DA301F4A17A600BC91CE /* AnnotationView.swift in Sources */,
				8E40DA2E1F4A10CA00BC91CE /* Annotation.swift in Sources */,
				8E40DA1C1F4A0AC500BC91CE /* AppDelegate.swift in Sources */,
			);
			runOnlyForDeploymentPostprocessing = 0;
		};
/* End PBXSourcesBuildPhase section */

/* Begin PBXVariantGroup section */
		8E40DA1F1F4A0AC500BC91CE /* Main.storyboard */ = {
			isa = PBXVariantGroup;
			children = (
				8E40DA201F4A0AC500BC91CE /* Base */,
			);
			name = Main.storyboard;
			sourceTree = "<group>";
		};
		8E40DA241F4A0AC500BC91CE /* LaunchScreen.storyboard */ = {
			isa = PBXVariantGroup;
			children = (
				8E40DA251F4A0AC500BC91CE /* Base */,
			);
			name = LaunchScreen.storyboard;
			sourceTree = "<group>";
		};
/* End PBXVariantGroup section */

/* Begin XCBuildConfiguration section */
		8E40DA281F4A0AC500BC91CE /* Debug */ = {
			isa = XCBuildConfiguration;
			buildSettings = {
				ALWAYS_SEARCH_USER_PATHS = NO;
				CLANG_ANALYZER_NONNULL = YES;
				CLANG_ANALYZER_NUMBER_OBJECT_CONVERSION = YES_AGGRESSIVE;
				CLANG_CXX_LANGUAGE_STANDARD = "gnu++14";
				CLANG_CXX_LIBRARY = "libc++";
				CLANG_ENABLE_MODULES = YES;
				CLANG_ENABLE_OBJC_ARC = YES;
				CLANG_WARN_BLOCK_CAPTURE_AUTORELEASING = YES;
				CLANG_WARN_BOOL_CONVERSION = YES;
				CLANG_WARN_COMMA = YES;
				CLANG_WARN_CONSTANT_CONVERSION = YES;
				CLANG_WARN_DIRECT_OBJC_ISA_USAGE = YES_ERROR;
				CLANG_WARN_DOCUMENTATION_COMMENTS = YES;
				CLANG_WARN_EMPTY_BODY = YES;
				CLANG_WARN_ENUM_CONVERSION = YES;
				CLANG_WARN_INFINITE_RECURSION = YES;
				CLANG_WARN_INT_CONVERSION = YES;
				CLANG_WARN_NON_LITERAL_NULL_CONVERSION = YES;
				CLANG_WARN_OBJC_LITERAL_CONVERSION = YES;
				CLANG_WARN_OBJC_ROOT_CLASS = YES_ERROR;
				CLANG_WARN_RANGE_LOOP_ANALYSIS = YES;
				CLANG_WARN_STRICT_PROTOTYPES = YES;
				CLANG_WARN_SUSPICIOUS_MOVE = YES;
				CLANG_WARN_UNGUARDED_AVAILABILITY = YES_AGGRESSIVE;
				CLANG_WARN_UNREACHABLE_CODE = YES;
				CLANG_WARN__DUPLICATE_METHOD_MATCH = YES;
				CODE_SIGN_IDENTITY = "iPhone Developer";
				COPY_PHASE_STRIP = NO;
				DEBUG_INFORMATION_FORMAT = dwarf;
				ENABLE_STRICT_OBJC_MSGSEND = YES;
				ENABLE_TESTABILITY = YES;
				GCC_C_LANGUAGE_STANDARD = gnu11;
				GCC_DYNAMIC_NO_PIC = NO;
				GCC_NO_COMMON_BLOCKS = YES;
				GCC_OPTIMIZATION_LEVEL = 0;
				GCC_PREPROCESSOR_DEFINITIONS = (
					"DEBUG=1",
					"$(inherited)",
				);
				GCC_WARN_64_TO_32_BIT_CONVERSION = YES;
				GCC_WARN_ABOUT_RETURN_TYPE = YES_ERROR;
				GCC_WARN_UNDECLARED_SELECTOR = YES;
				GCC_WARN_UNINITIALIZED_AUTOS = YES_AGGRESSIVE;
				GCC_WARN_UNUSED_FUNCTION = YES;
				GCC_WARN_UNUSED_VARIABLE = YES;
				IPHONEOS_DEPLOYMENT_TARGET = 11.0;
				MTL_ENABLE_DEBUG_INFO = YES;
				ONLY_ACTIVE_ARCH = YES;
				SDKROOT = iphoneos;
				SWIFT_ACTIVE_COMPILATION_CONDITIONS = DEBUG;
				SWIFT_OPTIMIZATION_LEVEL = "-Onone";
			};
			name = Debug;
		};
		8E40DA291F4A0AC500BC91CE /* Release */ = {
			isa = XCBuildConfiguration;
			buildSettings = {
				ALWAYS_SEARCH_USER_PATHS = NO;
				CLANG_ANALYZER_NONNULL = YES;
				CLANG_ANALYZER_NUMBER_OBJECT_CONVERSION = YES_AGGRESSIVE;
				CLANG_CXX_LANGUAGE_STANDARD = "gnu++14";
				CLANG_CXX_LIBRARY = "libc++";
				CLANG_ENABLE_MODULES = YES;
				CLANG_ENABLE_OBJC_ARC = YES;
				CLANG_WARN_BLOCK_CAPTURE_AUTORELEASING = YES;
				CLANG_WARN_BOOL_CONVERSION = YES;
				CLANG_WARN_COMMA = YES;
				CLANG_WARN_CONSTANT_CONVERSION = YES;
				CLANG_WARN_DIRECT_OBJC_ISA_USAGE = YES_ERROR;
				CLANG_WARN_DOCUMENTATION_COMMENTS = YES;
				CLANG_WARN_EMPTY_BODY = YES;
				CLANG_WARN_ENUM_CONVERSION = YES;
				CLANG_WARN_INFINITE_RECURSION = YES;
				CLANG_WARN_INT_CONVERSION = YES;
				CLANG_WARN_NON_LITERAL_NULL_CONVERSION = YES;
				CLANG_WARN_OBJC_LITERAL_CONVERSION = YES;
				CLANG_WARN_OBJC_ROOT_CLASS = YES_ERROR;
				CLANG_WARN_RANGE_LOOP_ANALYSIS = YES;
				CLANG_WARN_STRICT_PROTOTYPES = YES;
				CLANG_WARN_SUSPICIOUS_MOVE = YES;
				CLANG_WARN_UNGUARDED_AVAILABILITY = YES_AGGRESSIVE;
				CLANG_WARN_UNREACHABLE_CODE = YES;
				CLANG_WARN__DUPLICATE_METHOD_MATCH = YES;
				CODE_SIGN_IDENTITY = "iPhone Developer";
				COPY_PHASE_STRIP = NO;
				DEBUG_INFORMATION_FORMAT = "dwarf-with-dsym";
				ENABLE_NS_ASSERTIONS = NO;
				ENABLE_STRICT_OBJC_MSGSEND = YES;
				GCC_C_LANGUAGE_STANDARD = gnu11;
				GCC_NO_COMMON_BLOCKS = YES;
				GCC_WARN_64_TO_32_BIT_CONVERSION = YES;
				GCC_WARN_ABOUT_RETURN_TYPE = YES_ERROR;
				GCC_WARN_UNDECLARED_SELECTOR = YES;
				GCC_WARN_UNINITIALIZED_AUTOS = YES_AGGRESSIVE;
				GCC_WARN_UNUSED_FUNCTION = YES;
				GCC_WARN_UNUSED_VARIABLE = YES;
				IPHONEOS_DEPLOYMENT_TARGET = 11.0;
				MTL_ENABLE_DEBUG_INFO = NO;
				SDKROOT = iphoneos;
				SWIFT_OPTIMIZATION_LEVEL = "-Owholemodule";
				VALIDATE_PRODUCT = YES;
			};
			name = Release;
		};
		8E40DA2B1F4A0AC500BC91CE /* Debug */ = {
			isa = XCBuildConfiguration;
			buildSettings = {
				ASSETCATALOG_COMPILER_APPICON_NAME = AppIcon;
				DEVELOPMENT_TEAM = LR4SP9C264;
				INFOPLIST_FILE = "Mapkit-Methods/Info.plist";
				IPHONEOS_DEPLOYMENT_TARGET = 10.3;
				LD_RUNPATH_SEARCH_PATHS = "$(inherited) @executable_path/Frameworks";
				PRODUCT_BUNDLE_IDENTIFIER = "com.artisanbranding.com.Mapkit-Methods";
				PRODUCT_NAME = "$(TARGET_NAME)";
				SWIFT_VERSION = 4.0;
				TARGETED_DEVICE_FAMILY = "1,2";
			};
			name = Debug;
		};
		8E40DA2C1F4A0AC500BC91CE /* Release */ = {
			isa = XCBuildConfiguration;
			buildSettings = {
				ASSETCATALOG_COMPILER_APPICON_NAME = AppIcon;
				DEVELOPMENT_TEAM = LR4SP9C264;
				INFOPLIST_FILE = "Mapkit-Methods/Info.plist";
				IPHONEOS_DEPLOYMENT_TARGET = 10.3;
				LD_RUNPATH_SEARCH_PATHS = "$(inherited) @executable_path/Frameworks";
				PRODUCT_BUNDLE_IDENTIFIER = "com.artisanbranding.com.Mapkit-Methods";
				PRODUCT_NAME = "$(TARGET_NAME)";
				SWIFT_VERSION = 4.0;
				TARGETED_DEVICE_FAMILY = "1,2";
			};
			name = Release;
		};
/* End XCBuildConfiguration section */

/* Begin XCConfigurationList section */
		8E40DA131F4A0AC500BC91CE /* Build configuration list for PBXProject "Mapkit-Methods" */ = {
			isa = XCConfigurationList;
			buildConfigurations = (
				8E40DA281F4A0AC500BC91CE /* Debug */,
				8E40DA291F4A0AC500BC91CE /* Release */,
			);
			defaultConfigurationIsVisible = 0;
			defaultConfigurationName = Release;
		};
		8E40DA2A1F4A0AC500BC91CE /* Build configuration list for PBXNativeTarget "Mapkit-Methods" */ = {
			isa = XCConfigurationList;
			buildConfigurations = (
				8E40DA2B1F4A0AC500BC91CE /* Debug */,
				8E40DA2C1F4A0AC500BC91CE /* Release */,
			);
			defaultConfigurationIsVisible = 0;
			defaultConfigurationName = Release;
		};
/* End XCConfigurationList section */
	};
	rootObject = 8E40DA101F4A0AC500BC91CE /* Project object */;
}
